
Microsoft Visual Studio Solution File, Format Version 12.00
# Visual Studio Version 16
VisualStudioVersion = 16.0.29709.97
MinimumVisualStudioVersion = 10.0.40219.1
Project("{8BC9CEB8-8B4A-11D0-8D11-00A0C91BC942}") = "1003", "1003\1003.vcxproj", "{3A0D75C5-B9A9-4960-A682-0997FE9F863B}"
EndProject
Project("{8BC9CEB8-8B4A-11D0-8D11-00A0C91BC942}") = "2579", "2579\2579.vcxproj", "{847AC058-63E9-4465-BA64-859BB549EB60}"
EndProject
Project("{8BC9CEB8-8B4A-11D0-8D11-00A0C91BC942}") = "11726", "11726\11726.vcxproj", "{762CFB8A-626F-4596-AE95-44A487370F5C}"
EndProject
Project("{8BC9CEB8-8B4A-11D0-8D11-00A0C91BC942}") = "1149", "1149\1149.vcxproj", "{A9A4CAFE-DEF0-4F5D-B1DB-054217869FD7}"
EndProject
Project("{8BC9CEB8-8B4A-11D0-8D11-00A0C91BC942}") = "11729", "11729\11729.vcxproj", "{B256AF1B-5D3E-4248-BD0E-E7D50EA08D14}"
EndProject
Project("{8BC9CEB8-8B4A-11D0-8D11-00A0C91BC942}") = "1992", "1992\1992.vcxproj", "{7BF45645-4F40-4356-8526-894ACF0310DE}"
EndProject
Project("{8BC9CEB8-8B4A-11D0-8D11-00A0C91BC942}") = "1074", "1074\1074.vcxproj", "{C330DF4F-BC93-4AB5-92FC-AA03A116DBB5}"
EndProject
Project("{8BC9CEB8-8B4A-11D0-8D11-00A0C91BC942}") = "1780", "1780\1780.vcxproj", "{F988A300-780F-43F1-A98C-547BCB5F8CC2}"
EndProject
Project("{8BC9CEB8-8B4A-11D0-8D11-00A0C91BC942}") = "2193", "2193\2193.vcxproj", "{5CE4244C-86C1-4808-9A67-454BC84B0C07}"
EndProject
Project("{8BC9CEB8-8B4A-11D0-8D11-00A0C91BC942}") = "1932", "1932\1932.vcxproj", "{DC54F151-E465-4E6C-A77E-9213900521BA}"
EndProject
Project("{8BC9CEB8-8B4A-11D0-8D11-00A0C91BC942}") = "2156", "2156\2156.vcxproj", "{D790A5F3-8631-4D03-9726-F03BBCDCB45C}"
EndProject
Project("{8BC9CEB8-8B4A-11D0-8D11-00A0C91BC942}") = "1912", "1912\1912.vcxproj", "{F2E797B2-E8D1-4D4F-A52B-14F86738B354}"
EndProject
Project("{8BC9CEB8-8B4A-11D0-8D11-00A0C91BC942}") = "10844", "10844\10844.vcxproj", "{DC9D0993-6686-489D-BBD0-F915E4864B57}"
EndProject
Project("{8BC9CEB8-8B4A-11D0-8D11-00A0C91BC942}") = "11727", "11727\11727.vcxproj", "{A871F2F0-0B6C-444C-8444-A451524E4F4F}"
EndProject
Project("{8BC9CEB8-8B4A-11D0-8D11-00A0C91BC942}") = "11053", "11053\11053.vcxproj", "{CF861D8F-2E27-4A4D-B3CD-F13EEC33D30B}"
EndProject
Project("{8BC9CEB8-8B4A-11D0-8D11-00A0C91BC942}") = "workspace", "workspace\workspace.vcxproj", "{B693846A-CB48-4721-BE7A-460C89889549}"
EndProject
Project("{8BC9CEB8-8B4A-11D0-8D11-00A0C91BC942}") = "11057", "11057\11057.vcxproj", "{A3B432B3-EEB0-462E-A861-B5B12F87ED6E}"
EndProject
Project("{8BC9CEB8-8B4A-11D0-8D11-00A0C91BC942}") = "9465", "9465\9465.vcxproj", "{F4BDEF26-412E-4D40-8805-F712686F2639}"
EndProject
Project("{8BC9CEB8-8B4A-11D0-8D11-00A0C91BC942}") = "11055", "11055\11055.vcxproj", "{7651D600-1830-4875-9789-1F4ACCDB281E}"
EndProject
Project("{8BC9CEB8-8B4A-11D0-8D11-00A0C91BC942}") = "11054", "11054\11054.vcxproj", "{D39786EF-B8CE-4A72-BDD4-14B0160FFC06}"
EndProject
Project("{8BC9CEB8-8B4A-11D0-8D11-00A0C91BC942}") = "1699", "1699\1699.vcxproj", "{29A4B314-8176-48C6-8B14-9874CD526AD4}"
EndProject
Project("{8BC9CEB8-8B4A-11D0-8D11-00A0C91BC942}") = "2133", "2133\2133.vcxproj", "{08189D46-7D51-4389-A38E-C6B40F26AA69}"
EndProject
Project("{8BC9CEB8-8B4A-11D0-8D11-00A0C91BC942}") = "9461", "9461\9461.vcxproj", "{705A175B-DED0-427B-815B-2DE1C7B11F88}"
EndProject
Project("{8BC9CEB8-8B4A-11D0-8D11-00A0C91BC942}") = "2225", "2225\2225.vcxproj", "{8C62E88B-D7E4-42D1-A215-1174831C5C60}"
EndProject
Project("{8BC9CEB8-8B4A-11D0-8D11-00A0C91BC942}") = "2011", "2011\2011.vcxproj", "{FE5877C4-72DA-4A2D-A135-63B507FAD9ED}"
EndProject
Project("{8BC9CEB8-8B4A-11D0-8D11-00A0C91BC942}") = "11052", "11052\11052.vcxproj", "{A2766F52-6513-4357-9090-8AC1EEAB4151}"
EndProject
Project("{8BC9CEB8-8B4A-11D0-8D11-00A0C91BC942}") = "2751", "2751\2751.vcxproj", "{58FE01C1-2D80-4937-954C-46C4285FFF14}"
EndProject
Project("{8BC9CEB8-8B4A-11D0-8D11-00A0C91BC942}") = "11650", "11650\11650.vcxproj", "{F5C5F5E3-D2F7-45DA-849A-2D7B897EC763}"
EndProject
Project("{8BC9CEB8-8B4A-11D0-8D11-00A0C91BC942}") = "11651", "11651\11651.vcxproj", "{6AD32942-1184-432D-B580-67720AC35C73}"
EndProject
Project("{8BC9CEB8-8B4A-11D0-8D11-00A0C91BC942}") = "10814", "10814\10814.vcxproj", "{AB9D1BBD-6152-4491-A293-AF9DB7FDA938}"
EndProject
Project("{8BC9CEB8-8B4A-11D0-8D11-00A0C91BC942}") = "10825", "10825\10825.vcxproj", "{B097494B-835C-49CD-A3AE-AA153F522EEF}"
EndProject
Project("{8BC9CEB8-8B4A-11D0-8D11-00A0C91BC942}") = "10989", "10989\10989.vcxproj", "{A7AB5582-A3EC-430D-8007-F1314373FEE8}"
EndProject
Project("{8BC9CEB8-8B4A-11D0-8D11-00A0C91BC942}") = "11652", "11652\11652.vcxproj", "{902B27CA-DE25-496B-84C0-58508481591B}"
EndProject
Project("{8BC9CEB8-8B4A-11D0-8D11-00A0C91BC942}") = "11004", "11004\11004.vcxproj", "{57345D47-7FDB-4E02-91F0-C9DA6536101D}"
EndProject
Project("{8BC9CEB8-8B4A-11D0-8D11-00A0C91BC942}") = "10828", "10828\10828.vcxproj", "{133E7178-2882-4B05-ACFD-ED40A0D5AFBE}"
EndProject
Project("{8BC9CEB8-8B4A-11D0-8D11-00A0C91BC942}") = "9012", "9012\9012.vcxproj", "{B5E1BF7A-7BE7-4FF9-B1D1-3AAA0CB5C127}"
EndProject
Project("{8BC9CEB8-8B4A-11D0-8D11-00A0C91BC942}") = "10799", "10799\10799.vcxproj", "{161590B2-DC7C-4295-B81F-492EE036ED1D}"
EndProject
Project("{8BC9CEB8-8B4A-11D0-8D11-00A0C91BC942}") = "10845", "10845\10845.vcxproj", "{3DAB24FA-AAC9-4970-98AC-718C49A1F1D9}"
EndProject
Project("{8BC9CEB8-8B4A-11D0-8D11-00A0C91BC942}") = "10866", "10866\10866.vcxproj", "{15A5104E-CED2-4607-A27D-44ACB0451059}"
EndProject
Project("{8BC9CEB8-8B4A-11D0-8D11-00A0C91BC942}") = "10808", "10808\10808.vcxproj", "{738C9732-7831-4B77-8C7A-C1CB65B4DB74}"
EndProject
Project("{8BC9CEB8-8B4A-11D0-8D11-00A0C91BC942}") = "10809", "10809\10809.vcxproj", "{0FFFB7B0-F851-459C-9ED2-521BDEC795C1}"
EndProject
Project("{8BC9CEB8-8B4A-11D0-8D11-00A0C91BC942}") = "10820", "10820\10820.vcxproj", "{6D877E02-A28E-4076-87F1-CF306032EC37}"
EndProject
Project("{8BC9CEB8-8B4A-11D0-8D11-00A0C91BC942}") = "2743", "2743\2743.vcxproj", "{5DBA347E-08FE-4571-89E2-880204CE76FB}"
EndProject
Project("{8BC9CEB8-8B4A-11D0-8D11-00A0C91BC942}") = "11655", "11655\11655.vcxproj", "{0A870A23-8792-4164-A3C4-59DEC5C0D7E0}"
EndProject
Project("{8BC9CEB8-8B4A-11D0-8D11-00A0C91BC942}") = "10824", "10824\10824.vcxproj", "{B9873F1A-D676-4AA1-978A-EE39C30A4C9F}"
EndProject
Project("{8BC9CEB8-8B4A-11D0-8D11-00A0C91BC942}") = "11656", "11656\11656.vcxproj", "{322C1B4E-680D-47A2-A471-2FB483A12160}"
EndProject
Project("{8BC9CEB8-8B4A-11D0-8D11-00A0C91BC942}") = "1406", "1406\1406.vcxproj", "{1912A241-76A2-4471-8D66-3BA070A9C034}"
EndProject
Project("{8BC9CEB8-8B4A-11D0-8D11-00A0C91BC942}") = "1158", "1158\1158.vcxproj", "{6D825BEC-55D9-4B63-BAE6-DCFC968C6169}"
EndProject
Project("{8BC9CEB8-8B4A-11D0-8D11-00A0C91BC942}") = "1168", "1168\1168.vcxproj", "{F4D3EAA6-FFD6-4EDA-B1EA-2093472E9562}"
EndProject
Global
	GlobalSection(SolutionConfigurationPlatforms) = preSolution
		Debug|x64 = Debug|x64
		Debug|x86 = Debug|x86
		Release|x64 = Release|x64
		Release|x86 = Release|x86
	EndGlobalSection
	GlobalSection(ProjectConfigurationPlatforms) = postSolution
		{3A0D75C5-B9A9-4960-A682-0997FE9F863B}.Debug|x64.ActiveCfg = Debug|x64
		{3A0D75C5-B9A9-4960-A682-0997FE9F863B}.Debug|x64.Build.0 = Debug|x64
		{3A0D75C5-B9A9-4960-A682-0997FE9F863B}.Debug|x86.ActiveCfg = Debug|Win32
		{3A0D75C5-B9A9-4960-A682-0997FE9F863B}.Debug|x86.Build.0 = Debug|Win32
		{3A0D75C5-B9A9-4960-A682-0997FE9F863B}.Release|x64.ActiveCfg = Release|x64
		{3A0D75C5-B9A9-4960-A682-0997FE9F863B}.Release|x64.Build.0 = Release|x64
		{3A0D75C5-B9A9-4960-A682-0997FE9F863B}.Release|x86.ActiveCfg = Release|Win32
		{3A0D75C5-B9A9-4960-A682-0997FE9F863B}.Release|x86.Build.0 = Release|Win32
		{847AC058-63E9-4465-BA64-859BB549EB60}.Debug|x64.ActiveCfg = Debug|x64
		{847AC058-63E9-4465-BA64-859BB549EB60}.Debug|x64.Build.0 = Debug|x64
		{847AC058-63E9-4465-BA64-859BB549EB60}.Debug|x86.ActiveCfg = Debug|Win32
		{847AC058-63E9-4465-BA64-859BB549EB60}.Debug|x86.Build.0 = Debug|Win32
		{847AC058-63E9-4465-BA64-859BB549EB60}.Release|x64.ActiveCfg = Release|x64
		{847AC058-63E9-4465-BA64-859BB549EB60}.Release|x64.Build.0 = Release|x64
		{847AC058-63E9-4465-BA64-859BB549EB60}.Release|x86.ActiveCfg = Release|Win32
		{847AC058-63E9-4465-BA64-859BB549EB60}.Release|x86.Build.0 = Release|Win32
		{762CFB8A-626F-4596-AE95-44A487370F5C}.Debug|x64.ActiveCfg = Debug|x64
		{762CFB8A-626F-4596-AE95-44A487370F5C}.Debug|x64.Build.0 = Debug|x64
		{762CFB8A-626F-4596-AE95-44A487370F5C}.Debug|x86.ActiveCfg = Debug|Win32
		{762CFB8A-626F-4596-AE95-44A487370F5C}.Debug|x86.Build.0 = Debug|Win32
		{762CFB8A-626F-4596-AE95-44A487370F5C}.Release|x64.ActiveCfg = Release|x64
		{762CFB8A-626F-4596-AE95-44A487370F5C}.Release|x64.Build.0 = Release|x64
		{762CFB8A-626F-4596-AE95-44A487370F5C}.Release|x86.ActiveCfg = Release|Win32
		{762CFB8A-626F-4596-AE95-44A487370F5C}.Release|x86.Build.0 = Release|Win32
		{A9A4CAFE-DEF0-4F5D-B1DB-054217869FD7}.Debug|x64.ActiveCfg = Debug|x64
		{A9A4CAFE-DEF0-4F5D-B1DB-054217869FD7}.Debug|x64.Build.0 = Debug|x64
		{A9A4CAFE-DEF0-4F5D-B1DB-054217869FD7}.Debug|x86.ActiveCfg = Debug|Win32
		{A9A4CAFE-DEF0-4F5D-B1DB-054217869FD7}.Debug|x86.Build.0 = Debug|Win32
		{A9A4CAFE-DEF0-4F5D-B1DB-054217869FD7}.Release|x64.ActiveCfg = Release|x64
		{A9A4CAFE-DEF0-4F5D-B1DB-054217869FD7}.Release|x64.Build.0 = Release|x64
		{A9A4CAFE-DEF0-4F5D-B1DB-054217869FD7}.Release|x86.ActiveCfg = Release|Win32
		{A9A4CAFE-DEF0-4F5D-B1DB-054217869FD7}.Release|x86.Build.0 = Release|Win32
		{B256AF1B-5D3E-4248-BD0E-E7D50EA08D14}.Debug|x64.ActiveCfg = Debug|x64
		{B256AF1B-5D3E-4248-BD0E-E7D50EA08D14}.Debug|x64.Build.0 = Debug|x64
		{B256AF1B-5D3E-4248-BD0E-E7D50EA08D14}.Debug|x86.ActiveCfg = Debug|Win32
		{B256AF1B-5D3E-4248-BD0E-E7D50EA08D14}.Debug|x86.Build.0 = Debug|Win32
		{B256AF1B-5D3E-4248-BD0E-E7D50EA08D14}.Release|x64.ActiveCfg = Release|x64
		{B256AF1B-5D3E-4248-BD0E-E7D50EA08D14}.Release|x64.Build.0 = Release|x64
		{B256AF1B-5D3E-4248-BD0E-E7D50EA08D14}.Release|x86.ActiveCfg = Release|Win32
		{B256AF1B-5D3E-4248-BD0E-E7D50EA08D14}.Release|x86.Build.0 = Release|Win32
		{7BF45645-4F40-4356-8526-894ACF0310DE}.Debug|x64.ActiveCfg = Debug|x64
		{7BF45645-4F40-4356-8526-894ACF0310DE}.Debug|x64.Build.0 = Debug|x64
		{7BF45645-4F40-4356-8526-894ACF0310DE}.Debug|x86.ActiveCfg = Debug|Win32
		{7BF45645-4F40-4356-8526-894ACF0310DE}.Debug|x86.Build.0 = Debug|Win32
		{7BF45645-4F40-4356-8526-894ACF0310DE}.Release|x64.ActiveCfg = Release|x64
		{7BF45645-4F40-4356-8526-894ACF0310DE}.Release|x64.Build.0 = Release|x64
		{7BF45645-4F40-4356-8526-894ACF0310DE}.Release|x86.ActiveCfg = Release|Win32
		{7BF45645-4F40-4356-8526-894ACF0310DE}.Release|x86.Build.0 = Release|Win32
		{C330DF4F-BC93-4AB5-92FC-AA03A116DBB5}.Debug|x64.ActiveCfg = Debug|x64
		{C330DF4F-BC93-4AB5-92FC-AA03A116DBB5}.Debug|x64.Build.0 = Debug|x64
		{C330DF4F-BC93-4AB5-92FC-AA03A116DBB5}.Debug|x86.ActiveCfg = Debug|Win32
		{C330DF4F-BC93-4AB5-92FC-AA03A116DBB5}.Debug|x86.Build.0 = Debug|Win32
		{C330DF4F-BC93-4AB5-92FC-AA03A116DBB5}.Release|x64.ActiveCfg = Release|x64
		{C330DF4F-BC93-4AB5-92FC-AA03A116DBB5}.Release|x64.Build.0 = Release|x64
		{C330DF4F-BC93-4AB5-92FC-AA03A116DBB5}.Release|x86.ActiveCfg = Release|Win32
		{C330DF4F-BC93-4AB5-92FC-AA03A116DBB5}.Release|x86.Build.0 = Release|Win32
		{F988A300-780F-43F1-A98C-547BCB5F8CC2}.Debug|x64.ActiveCfg = Debug|x64
		{F988A300-780F-43F1-A98C-547BCB5F8CC2}.Debug|x64.Build.0 = Debug|x64
		{F988A300-780F-43F1-A98C-547BCB5F8CC2}.Debug|x86.ActiveCfg = Debug|Win32
		{F988A300-780F-43F1-A98C-547BCB5F8CC2}.Debug|x86.Build.0 = Debug|Win32
		{F988A300-780F-43F1-A98C-547BCB5F8CC2}.Release|x64.ActiveCfg = Release|x64
		{F988A300-780F-43F1-A98C-547BCB5F8CC2}.Release|x64.Build.0 = Release|x64
		{F988A300-780F-43F1-A98C-547BCB5F8CC2}.Release|x86.ActiveCfg = Release|Win32
		{F988A300-780F-43F1-A98C-547BCB5F8CC2}.Release|x86.Build.0 = Release|Win32
		{5CE4244C-86C1-4808-9A67-454BC84B0C07}.Debug|x64.ActiveCfg = Debug|x64
		{5CE4244C-86C1-4808-9A67-454BC84B0C07}.Debug|x64.Build.0 = Debug|x64
		{5CE4244C-86C1-4808-9A67-454BC84B0C07}.Debug|x86.ActiveCfg = Debug|Win32
		{5CE4244C-86C1-4808-9A67-454BC84B0C07}.Debug|x86.Build.0 = Debug|Win32
		{5CE4244C-86C1-4808-9A67-454BC84B0C07}.Release|x64.ActiveCfg = Release|x64
		{5CE4244C-86C1-4808-9A67-454BC84B0C07}.Release|x64.Build.0 = Release|x64
		{5CE4244C-86C1-4808-9A67-454BC84B0C07}.Release|x86.ActiveCfg = Release|Win32
		{5CE4244C-86C1-4808-9A67-454BC84B0C07}.Release|x86.Build.0 = Release|Win32
		{DC54F151-E465-4E6C-A77E-9213900521BA}.Debug|x64.ActiveCfg = Debug|x64
		{DC54F151-E465-4E6C-A77E-9213900521BA}.Debug|x64.Build.0 = Debug|x64
		{DC54F151-E465-4E6C-A77E-9213900521BA}.Debug|x86.ActiveCfg = Debug|Win32
		{DC54F151-E465-4E6C-A77E-9213900521BA}.Debug|x86.Build.0 = Debug|Win32
		{DC54F151-E465-4E6C-A77E-9213900521BA}.Release|x64.ActiveCfg = Release|x64
		{DC54F151-E465-4E6C-A77E-9213900521BA}.Release|x64.Build.0 = Release|x64
		{DC54F151-E465-4E6C-A77E-9213900521BA}.Release|x86.ActiveCfg = Release|Win32
		{DC54F151-E465-4E6C-A77E-9213900521BA}.Release|x86.Build.0 = Release|Win32
		{D790A5F3-8631-4D03-9726-F03BBCDCB45C}.Debug|x64.ActiveCfg = Debug|x64
		{D790A5F3-8631-4D03-9726-F03BBCDCB45C}.Debug|x64.Build.0 = Debug|x64
		{D790A5F3-8631-4D03-9726-F03BBCDCB45C}.Debug|x86.ActiveCfg = Debug|Win32
		{D790A5F3-8631-4D03-9726-F03BBCDCB45C}.Debug|x86.Build.0 = Debug|Win32
		{D790A5F3-8631-4D03-9726-F03BBCDCB45C}.Release|x64.ActiveCfg = Release|x64
		{D790A5F3-8631-4D03-9726-F03BBCDCB45C}.Release|x64.Build.0 = Release|x64
		{D790A5F3-8631-4D03-9726-F03BBCDCB45C}.Release|x86.ActiveCfg = Release|Win32
		{D790A5F3-8631-4D03-9726-F03BBCDCB45C}.Release|x86.Build.0 = Release|Win32
		{F2E797B2-E8D1-4D4F-A52B-14F86738B354}.Debug|x64.ActiveCfg = Debug|x64
		{F2E797B2-E8D1-4D4F-A52B-14F86738B354}.Debug|x64.Build.0 = Debug|x64
		{F2E797B2-E8D1-4D4F-A52B-14F86738B354}.Debug|x86.ActiveCfg = Debug|Win32
		{F2E797B2-E8D1-4D4F-A52B-14F86738B354}.Debug|x86.Build.0 = Debug|Win32
		{F2E797B2-E8D1-4D4F-A52B-14F86738B354}.Release|x64.ActiveCfg = Release|x64
		{F2E797B2-E8D1-4D4F-A52B-14F86738B354}.Release|x64.Build.0 = Release|x64
		{F2E797B2-E8D1-4D4F-A52B-14F86738B354}.Release|x86.ActiveCfg = Release|Win32
		{F2E797B2-E8D1-4D4F-A52B-14F86738B354}.Release|x86.Build.0 = Release|Win32
		{DC9D0993-6686-489D-BBD0-F915E4864B57}.Debug|x64.ActiveCfg = Debug|x64
		{DC9D0993-6686-489D-BBD0-F915E4864B57}.Debug|x64.Build.0 = Debug|x64
		{DC9D0993-6686-489D-BBD0-F915E4864B57}.Debug|x86.ActiveCfg = Debug|Win32
		{DC9D0993-6686-489D-BBD0-F915E4864B57}.Debug|x86.Build.0 = Debug|Win32
		{DC9D0993-6686-489D-BBD0-F915E4864B57}.Release|x64.ActiveCfg = Release|x64
		{DC9D0993-6686-489D-BBD0-F915E4864B57}.Release|x64.Build.0 = Release|x64
		{DC9D0993-6686-489D-BBD0-F915E4864B57}.Release|x86.ActiveCfg = Release|Win32
		{DC9D0993-6686-489D-BBD0-F915E4864B57}.Release|x86.Build.0 = Release|Win32
		{A871F2F0-0B6C-444C-8444-A451524E4F4F}.Debug|x64.ActiveCfg = Debug|x64
		{A871F2F0-0B6C-444C-8444-A451524E4F4F}.Debug|x64.Build.0 = Debug|x64
		{A871F2F0-0B6C-444C-8444-A451524E4F4F}.Debug|x86.ActiveCfg = Debug|Win32
		{A871F2F0-0B6C-444C-8444-A451524E4F4F}.Debug|x86.Build.0 = Debug|Win32
		{A871F2F0-0B6C-444C-8444-A451524E4F4F}.Release|x64.ActiveCfg = Release|x64
		{A871F2F0-0B6C-444C-8444-A451524E4F4F}.Release|x64.Build.0 = Release|x64
		{A871F2F0-0B6C-444C-8444-A451524E4F4F}.Release|x86.ActiveCfg = Release|Win32
		{A871F2F0-0B6C-444C-8444-A451524E4F4F}.Release|x86.Build.0 = Release|Win32
		{CF861D8F-2E27-4A4D-B3CD-F13EEC33D30B}.Debug|x64.ActiveCfg = Debug|x64
		{CF861D8F-2E27-4A4D-B3CD-F13EEC33D30B}.Debug|x64.Build.0 = Debug|x64
		{CF861D8F-2E27-4A4D-B3CD-F13EEC33D30B}.Debug|x86.ActiveCfg = Debug|Win32
		{CF861D8F-2E27-4A4D-B3CD-F13EEC33D30B}.Debug|x86.Build.0 = Debug|Win32
		{CF861D8F-2E27-4A4D-B3CD-F13EEC33D30B}.Release|x64.ActiveCfg = Release|x64
		{CF861D8F-2E27-4A4D-B3CD-F13EEC33D30B}.Release|x64.Build.0 = Release|x64
		{CF861D8F-2E27-4A4D-B3CD-F13EEC33D30B}.Release|x86.ActiveCfg = Release|Win32
		{CF861D8F-2E27-4A4D-B3CD-F13EEC33D30B}.Release|x86.Build.0 = Release|Win32
		{B693846A-CB48-4721-BE7A-460C89889549}.Debug|x64.ActiveCfg = Debug|x64
		{B693846A-CB48-4721-BE7A-460C89889549}.Debug|x64.Build.0 = Debug|x64
		{B693846A-CB48-4721-BE7A-460C89889549}.Debug|x86.ActiveCfg = Debug|Win32
		{B693846A-CB48-4721-BE7A-460C89889549}.Debug|x86.Build.0 = Debug|Win32
		{B693846A-CB48-4721-BE7A-460C89889549}.Release|x64.ActiveCfg = Release|x64
		{B693846A-CB48-4721-BE7A-460C89889549}.Release|x64.Build.0 = Release|x64
		{B693846A-CB48-4721-BE7A-460C89889549}.Release|x86.ActiveCfg = Release|Win32
		{B693846A-CB48-4721-BE7A-460C89889549}.Release|x86.Build.0 = Release|Win32
		{A3B432B3-EEB0-462E-A861-B5B12F87ED6E}.Debug|x64.ActiveCfg = Debug|x64
		{A3B432B3-EEB0-462E-A861-B5B12F87ED6E}.Debug|x64.Build.0 = Debug|x64
		{A3B432B3-EEB0-462E-A861-B5B12F87ED6E}.Debug|x86.ActiveCfg = Debug|Win32
		{A3B432B3-EEB0-462E-A861-B5B12F87ED6E}.Debug|x86.Build.0 = Debug|Win32
		{A3B432B3-EEB0-462E-A861-B5B12F87ED6E}.Release|x64.ActiveCfg = Release|x64
		{A3B432B3-EEB0-462E-A861-B5B12F87ED6E}.Release|x64.Build.0 = Release|x64
		{A3B432B3-EEB0-462E-A861-B5B12F87ED6E}.Release|x86.ActiveCfg = Release|Win32
		{A3B432B3-EEB0-462E-A861-B5B12F87ED6E}.Release|x86.Build.0 = Release|Win32
		{F4BDEF26-412E-4D40-8805-F712686F2639}.Debug|x64.ActiveCfg = Debug|x64
		{F4BDEF26-412E-4D40-8805-F712686F2639}.Debug|x64.Build.0 = Debug|x64
		{F4BDEF26-412E-4D40-8805-F712686F2639}.Debug|x86.ActiveCfg = Debug|Win32
		{F4BDEF26-412E-4D40-8805-F712686F2639}.Debug|x86.Build.0 = Debug|Win32
		{F4BDEF26-412E-4D40-8805-F712686F2639}.Release|x64.ActiveCfg = Release|x64
		{F4BDEF26-412E-4D40-8805-F712686F2639}.Release|x64.Build.0 = Release|x64
		{F4BDEF26-412E-4D40-8805-F712686F2639}.Release|x86.ActiveCfg = Release|Win32
		{F4BDEF26-412E-4D40-8805-F712686F2639}.Release|x86.Build.0 = Release|Win32
		{7651D600-1830-4875-9789-1F4ACCDB281E}.Debug|x64.ActiveCfg = Debug|x64
		{7651D600-1830-4875-9789-1F4ACCDB281E}.Debug|x64.Build.0 = Debug|x64
		{7651D600-1830-4875-9789-1F4ACCDB281E}.Debug|x86.ActiveCfg = Debug|Win32
		{7651D600-1830-4875-9789-1F4ACCDB281E}.Debug|x86.Build.0 = Debug|Win32
		{7651D600-1830-4875-9789-1F4ACCDB281E}.Release|x64.ActiveCfg = Release|x64
		{7651D600-1830-4875-9789-1F4ACCDB281E}.Release|x64.Build.0 = Release|x64
		{7651D600-1830-4875-9789-1F4ACCDB281E}.Release|x86.ActiveCfg = Release|Win32
		{7651D600-1830-4875-9789-1F4ACCDB281E}.Release|x86.Build.0 = Release|Win32
		{D39786EF-B8CE-4A72-BDD4-14B0160FFC06}.Debug|x64.ActiveCfg = Debug|x64
		{D39786EF-B8CE-4A72-BDD4-14B0160FFC06}.Debug|x64.Build.0 = Debug|x64
		{D39786EF-B8CE-4A72-BDD4-14B0160FFC06}.Debug|x86.ActiveCfg = Debug|Win32
		{D39786EF-B8CE-4A72-BDD4-14B0160FFC06}.Debug|x86.Build.0 = Debug|Win32
		{D39786EF-B8CE-4A72-BDD4-14B0160FFC06}.Release|x64.ActiveCfg = Release|x64
		{D39786EF-B8CE-4A72-BDD4-14B0160FFC06}.Release|x64.Build.0 = Release|x64
		{D39786EF-B8CE-4A72-BDD4-14B0160FFC06}.Release|x86.ActiveCfg = Release|Win32
		{D39786EF-B8CE-4A72-BDD4-14B0160FFC06}.Release|x86.Build.0 = Release|Win32
		{29A4B314-8176-48C6-8B14-9874CD526AD4}.Debug|x64.ActiveCfg = Debug|x64
		{29A4B314-8176-48C6-8B14-9874CD526AD4}.Debug|x64.Build.0 = Debug|x64
		{29A4B314-8176-48C6-8B14-9874CD526AD4}.Debug|x86.ActiveCfg = Debug|Win32
		{29A4B314-8176-48C6-8B14-9874CD526AD4}.Debug|x86.Build.0 = Debug|Win32
		{29A4B314-8176-48C6-8B14-9874CD526AD4}.Release|x64.ActiveCfg = Release|x64
		{29A4B314-8176-48C6-8B14-9874CD526AD4}.Release|x64.Build.0 = Release|x64
		{29A4B314-8176-48C6-8B14-9874CD526AD4}.Release|x86.ActiveCfg = Release|Win32
		{29A4B314-8176-48C6-8B14-9874CD526AD4}.Release|x86.Build.0 = Release|Win32
		{08189D46-7D51-4389-A38E-C6B40F26AA69}.Debug|x64.ActiveCfg = Debug|x64
		{08189D46-7D51-4389-A38E-C6B40F26AA69}.Debug|x64.Build.0 = Debug|x64
		{08189D46-7D51-4389-A38E-C6B40F26AA69}.Debug|x86.ActiveCfg = Debug|Win32
		{08189D46-7D51-4389-A38E-C6B40F26AA69}.Debug|x86.Build.0 = Debug|Win32
		{08189D46-7D51-4389-A38E-C6B40F26AA69}.Release|x64.ActiveCfg = Release|x64
		{08189D46-7D51-4389-A38E-C6B40F26AA69}.Release|x64.Build.0 = Release|x64
		{08189D46-7D51-4389-A38E-C6B40F26AA69}.Release|x86.ActiveCfg = Release|Win32
		{08189D46-7D51-4389-A38E-C6B40F26AA69}.Release|x86.Build.0 = Release|Win32
		{705A175B-DED0-427B-815B-2DE1C7B11F88}.Debug|x64.ActiveCfg = Debug|x64
		{705A175B-DED0-427B-815B-2DE1C7B11F88}.Debug|x64.Build.0 = Debug|x64
		{705A175B-DED0-427B-815B-2DE1C7B11F88}.Debug|x86.ActiveCfg = Debug|Win32
		{705A175B-DED0-427B-815B-2DE1C7B11F88}.Debug|x86.Build.0 = Debug|Win32
		{705A175B-DED0-427B-815B-2DE1C7B11F88}.Release|x64.ActiveCfg = Release|x64
		{705A175B-DED0-427B-815B-2DE1C7B11F88}.Release|x64.Build.0 = Release|x64
		{705A175B-DED0-427B-815B-2DE1C7B11F88}.Release|x86.ActiveCfg = Release|Win32
		{705A175B-DED0-427B-815B-2DE1C7B11F88}.Release|x86.Build.0 = Release|Win32
		{8C62E88B-D7E4-42D1-A215-1174831C5C60}.Debug|x64.ActiveCfg = Debug|x64
		{8C62E88B-D7E4-42D1-A215-1174831C5C60}.Debug|x64.Build.0 = Debug|x64
		{8C62E88B-D7E4-42D1-A215-1174831C5C60}.Debug|x86.ActiveCfg = Debug|Win32
		{8C62E88B-D7E4-42D1-A215-1174831C5C60}.Debug|x86.Build.0 = Debug|Win32
		{8C62E88B-D7E4-42D1-A215-1174831C5C60}.Release|x64.ActiveCfg = Release|x64
		{8C62E88B-D7E4-42D1-A215-1174831C5C60}.Release|x64.Build.0 = Release|x64
		{8C62E88B-D7E4-42D1-A215-1174831C5C60}.Release|x86.ActiveCfg = Release|Win32
		{8C62E88B-D7E4-42D1-A215-1174831C5C60}.Release|x86.Build.0 = Release|Win32
		{FE5877C4-72DA-4A2D-A135-63B507FAD9ED}.Debug|x64.ActiveCfg = Debug|x64
		{FE5877C4-72DA-4A2D-A135-63B507FAD9ED}.Debug|x64.Build.0 = Debug|x64
		{FE5877C4-72DA-4A2D-A135-63B507FAD9ED}.Debug|x86.ActiveCfg = Debug|Win32
		{FE5877C4-72DA-4A2D-A135-63B507FAD9ED}.Debug|x86.Build.0 = Debug|Win32
		{FE5877C4-72DA-4A2D-A135-63B507FAD9ED}.Release|x64.ActiveCfg = Release|x64
		{FE5877C4-72DA-4A2D-A135-63B507FAD9ED}.Release|x64.Build.0 = Release|x64
		{FE5877C4-72DA-4A2D-A135-63B507FAD9ED}.Release|x86.ActiveCfg = Release|Win32
		{FE5877C4-72DA-4A2D-A135-63B507FAD9ED}.Release|x86.Build.0 = Release|Win32
		{A2766F52-6513-4357-9090-8AC1EEAB4151}.Debug|x64.ActiveCfg = Debug|x64
		{A2766F52-6513-4357-9090-8AC1EEAB4151}.Debug|x64.Build.0 = Debug|x64
		{A2766F52-6513-4357-9090-8AC1EEAB4151}.Debug|x86.ActiveCfg = Debug|Win32
		{A2766F52-6513-4357-9090-8AC1EEAB4151}.Debug|x86.Build.0 = Debug|Win32
		{A2766F52-6513-4357-9090-8AC1EEAB4151}.Release|x64.ActiveCfg = Release|x64
		{A2766F52-6513-4357-9090-8AC1EEAB4151}.Release|x64.Build.0 = Release|x64
		{A2766F52-6513-4357-9090-8AC1EEAB4151}.Release|x86.ActiveCfg = Release|Win32
		{A2766F52-6513-4357-9090-8AC1EEAB4151}.Release|x86.Build.0 = Release|Win32
		{58FE01C1-2D80-4937-954C-46C4285FFF14}.Debug|x64.ActiveCfg = Debug|x64
		{58FE01C1-2D80-4937-954C-46C4285FFF14}.Debug|x64.Build.0 = Debug|x64
		{58FE01C1-2D80-4937-954C-46C4285FFF14}.Debug|x86.ActiveCfg = Debug|Win32
		{58FE01C1-2D80-4937-954C-46C4285FFF14}.Debug|x86.Build.0 = Debug|Win32
		{58FE01C1-2D80-4937-954C-46C4285FFF14}.Release|x64.ActiveCfg = Release|x64
		{58FE01C1-2D80-4937-954C-46C4285FFF14}.Release|x64.Build.0 = Release|x64
		{58FE01C1-2D80-4937-954C-46C4285FFF14}.Release|x86.ActiveCfg = Release|Win32
		{58FE01C1-2D80-4937-954C-46C4285FFF14}.Release|x86.Build.0 = Release|Win32
		{F5C5F5E3-D2F7-45DA-849A-2D7B897EC763}.Debug|x64.ActiveCfg = Debug|x64
		{F5C5F5E3-D2F7-45DA-849A-2D7B897EC763}.Debug|x64.Build.0 = Debug|x64
		{F5C5F5E3-D2F7-45DA-849A-2D7B897EC763}.Debug|x86.ActiveCfg = Debug|Win32
		{F5C5F5E3-D2F7-45DA-849A-2D7B897EC763}.Debug|x86.Build.0 = Debug|Win32
		{F5C5F5E3-D2F7-45DA-849A-2D7B897EC763}.Release|x64.ActiveCfg = Release|x64
		{F5C5F5E3-D2F7-45DA-849A-2D7B897EC763}.Release|x64.Build.0 = Release|x64
		{F5C5F5E3-D2F7-45DA-849A-2D7B897EC763}.Release|x86.ActiveCfg = Release|Win32
		{F5C5F5E3-D2F7-45DA-849A-2D7B897EC763}.Release|x86.Build.0 = Release|Win32
		{6AD32942-1184-432D-B580-67720AC35C73}.Debug|x64.ActiveCfg = Debug|x64
		{6AD32942-1184-432D-B580-67720AC35C73}.Debug|x64.Build.0 = Debug|x64
		{6AD32942-1184-432D-B580-67720AC35C73}.Debug|x86.ActiveCfg = Debug|Win32
		{6AD32942-1184-432D-B580-67720AC35C73}.Debug|x86.Build.0 = Debug|Win32
		{6AD32942-1184-432D-B580-67720AC35C73}.Release|x64.ActiveCfg = Release|x64
		{6AD32942-1184-432D-B580-67720AC35C73}.Release|x64.Build.0 = Release|x64
		{6AD32942-1184-432D-B580-67720AC35C73}.Release|x86.ActiveCfg = Release|Win32
		{6AD32942-1184-432D-B580-67720AC35C73}.Release|x86.Build.0 = Release|Win32
		{AB9D1BBD-6152-4491-A293-AF9DB7FDA938}.Debug|x64.ActiveCfg = Debug|x64
		{AB9D1BBD-6152-4491-A293-AF9DB7FDA938}.Debug|x64.Build.0 = Debug|x64
		{AB9D1BBD-6152-4491-A293-AF9DB7FDA938}.Debug|x86.ActiveCfg = Debug|Win32
		{AB9D1BBD-6152-4491-A293-AF9DB7FDA938}.Debug|x86.Build.0 = Debug|Win32
		{AB9D1BBD-6152-4491-A293-AF9DB7FDA938}.Release|x64.ActiveCfg = Release|x64
		{AB9D1BBD-6152-4491-A293-AF9DB7FDA938}.Release|x64.Build.0 = Release|x64
		{AB9D1BBD-6152-4491-A293-AF9DB7FDA938}.Release|x86.ActiveCfg = Release|Win32
		{AB9D1BBD-6152-4491-A293-AF9DB7FDA938}.Release|x86.Build.0 = Release|Win32
		{B097494B-835C-49CD-A3AE-AA153F522EEF}.Debug|x64.ActiveCfg = Debug|x64
		{B097494B-835C-49CD-A3AE-AA153F522EEF}.Debug|x64.Build.0 = Debug|x64
		{B097494B-835C-49CD-A3AE-AA153F522EEF}.Debug|x86.ActiveCfg = Debug|Win32
		{B097494B-835C-49CD-A3AE-AA153F522EEF}.Debug|x86.Build.0 = Debug|Win32
		{B097494B-835C-49CD-A3AE-AA153F522EEF}.Release|x64.ActiveCfg = Release|x64
		{B097494B-835C-49CD-A3AE-AA153F522EEF}.Release|x64.Build.0 = Release|x64
		{B097494B-835C-49CD-A3AE-AA153F522EEF}.Release|x86.ActiveCfg = Release|Win32
		{B097494B-835C-49CD-A3AE-AA153F522EEF}.Release|x86.Build.0 = Release|Win32
		{A7AB5582-A3EC-430D-8007-F1314373FEE8}.Debug|x64.ActiveCfg = Debug|x64
		{A7AB5582-A3EC-430D-8007-F1314373FEE8}.Debug|x64.Build.0 = Debug|x64
		{A7AB5582-A3EC-430D-8007-F1314373FEE8}.Debug|x86.ActiveCfg = Debug|Win32
		{A7AB5582-A3EC-430D-8007-F1314373FEE8}.Debug|x86.Build.0 = Debug|Win32
		{A7AB5582-A3EC-430D-8007-F1314373FEE8}.Release|x64.ActiveCfg = Release|x64
		{A7AB5582-A3EC-430D-8007-F1314373FEE8}.Release|x64.Build.0 = Release|x64
		{A7AB5582-A3EC-430D-8007-F1314373FEE8}.Release|x86.ActiveCfg = Release|Win32
		{A7AB5582-A3EC-430D-8007-F1314373FEE8}.Release|x86.Build.0 = Release|Win32
		{902B27CA-DE25-496B-84C0-58508481591B}.Debug|x64.ActiveCfg = Debug|x64
		{902B27CA-DE25-496B-84C0-58508481591B}.Debug|x64.Build.0 = Debug|x64
		{902B27CA-DE25-496B-84C0-58508481591B}.Debug|x86.ActiveCfg = Debug|Win32
		{902B27CA-DE25-496B-84C0-58508481591B}.Debug|x86.Build.0 = Debug|Win32
		{902B27CA-DE25-496B-84C0-58508481591B}.Release|x64.ActiveCfg = Release|x64
		{902B27CA-DE25-496B-84C0-58508481591B}.Release|x64.Build.0 = Release|x64
		{902B27CA-DE25-496B-84C0-58508481591B}.Release|x86.ActiveCfg = Release|Win32
		{902B27CA-DE25-496B-84C0-58508481591B}.Release|x86.Build.0 = Release|Win32
		{57345D47-7FDB-4E02-91F0-C9DA6536101D}.Debug|x64.ActiveCfg = Debug|x64
		{57345D47-7FDB-4E02-91F0-C9DA6536101D}.Debug|x64.Build.0 = Debug|x64
		{57345D47-7FDB-4E02-91F0-C9DA6536101D}.Debug|x86.ActiveCfg = Debug|Win32
		{57345D47-7FDB-4E02-91F0-C9DA6536101D}.Debug|x86.Build.0 = Debug|Win32
		{57345D47-7FDB-4E02-91F0-C9DA6536101D}.Release|x64.ActiveCfg = Release|x64
		{57345D47-7FDB-4E02-91F0-C9DA6536101D}.Release|x64.Build.0 = Release|x64
		{57345D47-7FDB-4E02-91F0-C9DA6536101D}.Release|x86.ActiveCfg = Release|Win32
		{57345D47-7FDB-4E02-91F0-C9DA6536101D}.Release|x86.Build.0 = Release|Win32
		{133E7178-2882-4B05-ACFD-ED40A0D5AFBE}.Debug|x64.ActiveCfg = Debug|x64
		{133E7178-2882-4B05-ACFD-ED40A0D5AFBE}.Debug|x64.Build.0 = Debug|x64
		{133E7178-2882-4B05-ACFD-ED40A0D5AFBE}.Debug|x86.ActiveCfg = Debug|Win32
		{133E7178-2882-4B05-ACFD-ED40A0D5AFBE}.Debug|x86.Build.0 = Debug|Win32
		{133E7178-2882-4B05-ACFD-ED40A0D5AFBE}.Release|x64.ActiveCfg = Release|x64
		{133E7178-2882-4B05-ACFD-ED40A0D5AFBE}.Release|x64.Build.0 = Release|x64
		{133E7178-2882-4B05-ACFD-ED40A0D5AFBE}.Release|x86.ActiveCfg = Release|Win32
		{133E7178-2882-4B05-ACFD-ED40A0D5AFBE}.Release|x86.Build.0 = Release|Win32
		{B5E1BF7A-7BE7-4FF9-B1D1-3AAA0CB5C127}.Debug|x64.ActiveCfg = Debug|x64
		{B5E1BF7A-7BE7-4FF9-B1D1-3AAA0CB5C127}.Debug|x64.Build.0 = Debug|x64
		{B5E1BF7A-7BE7-4FF9-B1D1-3AAA0CB5C127}.Debug|x86.ActiveCfg = Debug|Win32
		{B5E1BF7A-7BE7-4FF9-B1D1-3AAA0CB5C127}.Debug|x86.Build.0 = Debug|Win32
		{B5E1BF7A-7BE7-4FF9-B1D1-3AAA0CB5C127}.Release|x64.ActiveCfg = Release|x64
		{B5E1BF7A-7BE7-4FF9-B1D1-3AAA0CB5C127}.Release|x64.Build.0 = Release|x64
		{B5E1BF7A-7BE7-4FF9-B1D1-3AAA0CB5C127}.Release|x86.ActiveCfg = Release|Win32
		{B5E1BF7A-7BE7-4FF9-B1D1-3AAA0CB5C127}.Release|x86.Build.0 = Release|Win32
		{161590B2-DC7C-4295-B81F-492EE036ED1D}.Debug|x64.ActiveCfg = Debug|x64
		{161590B2-DC7C-4295-B81F-492EE036ED1D}.Debug|x64.Build.0 = Debug|x64
		{161590B2-DC7C-4295-B81F-492EE036ED1D}.Debug|x86.ActiveCfg = Debug|Win32
		{161590B2-DC7C-4295-B81F-492EE036ED1D}.Debug|x86.Build.0 = Debug|Win32
		{161590B2-DC7C-4295-B81F-492EE036ED1D}.Release|x64.ActiveCfg = Release|x64
		{161590B2-DC7C-4295-B81F-492EE036ED1D}.Release|x64.Build.0 = Release|x64
		{161590B2-DC7C-4295-B81F-492EE036ED1D}.Release|x86.ActiveCfg = Release|Win32
		{161590B2-DC7C-4295-B81F-492EE036ED1D}.Release|x86.Build.0 = Release|Win32
		{3DAB24FA-AAC9-4970-98AC-718C49A1F1D9}.Debug|x64.ActiveCfg = Debug|x64
		{3DAB24FA-AAC9-4970-98AC-718C49A1F1D9}.Debug|x64.Build.0 = Debug|x64
		{3DAB24FA-AAC9-4970-98AC-718C49A1F1D9}.Debug|x86.ActiveCfg = Debug|Win32
		{3DAB24FA-AAC9-4970-98AC-718C49A1F1D9}.Debug|x86.Build.0 = Debug|Win32
		{3DAB24FA-AAC9-4970-98AC-718C49A1F1D9}.Release|x64.ActiveCfg = Release|x64
		{3DAB24FA-AAC9-4970-98AC-718C49A1F1D9}.Release|x64.Build.0 = Release|x64
		{3DAB24FA-AAC9-4970-98AC-718C49A1F1D9}.Release|x86.ActiveCfg = Release|Win32
		{3DAB24FA-AAC9-4970-98AC-718C49A1F1D9}.Release|x86.Build.0 = Release|Win32
		{15A5104E-CED2-4607-A27D-44ACB0451059}.Debug|x64.ActiveCfg = Debug|x64
		{15A5104E-CED2-4607-A27D-44ACB0451059}.Debug|x64.Build.0 = Debug|x64
		{15A5104E-CED2-4607-A27D-44ACB0451059}.Debug|x86.ActiveCfg = Debug|Win32
		{15A5104E-CED2-4607-A27D-44ACB0451059}.Debug|x86.Build.0 = Debug|Win32
		{15A5104E-CED2-4607-A27D-44ACB0451059}.Release|x64.ActiveCfg = Release|x64
		{15A5104E-CED2-4607-A27D-44ACB0451059}.Release|x64.Build.0 = Release|x64
		{15A5104E-CED2-4607-A27D-44ACB0451059}.Release|x86.ActiveCfg = Release|Win32
		{15A5104E-CED2-4607-A27D-44ACB0451059}.Release|x86.Build.0 = Release|Win32
		{738C9732-7831-4B77-8C7A-C1CB65B4DB74}.Debug|x64.ActiveCfg = Debug|x64
		{738C9732-7831-4B77-8C7A-C1CB65B4DB74}.Debug|x64.Build.0 = Debug|x64
		{738C9732-7831-4B77-8C7A-C1CB65B4DB74}.Debug|x86.ActiveCfg = Debug|Win32
		{738C9732-7831-4B77-8C7A-C1CB65B4DB74}.Debug|x86.Build.0 = Debug|Win32
		{738C9732-7831-4B77-8C7A-C1CB65B4DB74}.Release|x64.ActiveCfg = Release|x64
		{738C9732-7831-4B77-8C7A-C1CB65B4DB74}.Release|x64.Build.0 = Release|x64
		{738C9732-7831-4B77-8C7A-C1CB65B4DB74}.Release|x86.ActiveCfg = Release|Win32
		{738C9732-7831-4B77-8C7A-C1CB65B4DB74}.Release|x86.Build.0 = Release|Win32
		{0FFFB7B0-F851-459C-9ED2-521BDEC795C1}.Debug|x64.ActiveCfg = Debug|x64
		{0FFFB7B0-F851-459C-9ED2-521BDEC795C1}.Debug|x64.Build.0 = Debug|x64
		{0FFFB7B0-F851-459C-9ED2-521BDEC795C1}.Debug|x86.ActiveCfg = Debug|Win32
		{0FFFB7B0-F851-459C-9ED2-521BDEC795C1}.Debug|x86.Build.0 = Debug|Win32
		{0FFFB7B0-F851-459C-9ED2-521BDEC795C1}.Release|x64.ActiveCfg = Release|x64
		{0FFFB7B0-F851-459C-9ED2-521BDEC795C1}.Release|x64.Build.0 = Release|x64
		{0FFFB7B0-F851-459C-9ED2-521BDEC795C1}.Release|x86.ActiveCfg = Release|Win32
		{0FFFB7B0-F851-459C-9ED2-521BDEC795C1}.Release|x86.Build.0 = Release|Win32
		{6D877E02-A28E-4076-87F1-CF306032EC37}.Debug|x64.ActiveCfg = Debug|x64
		{6D877E02-A28E-4076-87F1-CF306032EC37}.Debug|x64.Build.0 = Debug|x64
		{6D877E02-A28E-4076-87F1-CF306032EC37}.Debug|x86.ActiveCfg = Debug|Win32
		{6D877E02-A28E-4076-87F1-CF306032EC37}.Debug|x86.Build.0 = Debug|Win32
		{6D877E02-A28E-4076-87F1-CF306032EC37}.Release|x64.ActiveCfg = Release|x64
		{6D877E02-A28E-4076-87F1-CF306032EC37}.Release|x64.Build.0 = Release|x64
		{6D877E02-A28E-4076-87F1-CF306032EC37}.Release|x86.ActiveCfg = Release|Win32
		{6D877E02-A28E-4076-87F1-CF306032EC37}.Release|x86.Build.0 = Release|Win32
		{5DBA347E-08FE-4571-89E2-880204CE76FB}.Debug|x64.ActiveCfg = Debug|x64
		{5DBA347E-08FE-4571-89E2-880204CE76FB}.Debug|x64.Build.0 = Debug|x64
		{5DBA347E-08FE-4571-89E2-880204CE76FB}.Debug|x86.ActiveCfg = Debug|Win32
		{5DBA347E-08FE-4571-89E2-880204CE76FB}.Debug|x86.Build.0 = Debug|Win32
		{5DBA347E-08FE-4571-89E2-880204CE76FB}.Release|x64.ActiveCfg = Release|x64
		{5DBA347E-08FE-4571-89E2-880204CE76FB}.Release|x64.Build.0 = Release|x64
		{5DBA347E-08FE-4571-89E2-880204CE76FB}.Release|x86.ActiveCfg = Release|Win32
		{5DBA347E-08FE-4571-89E2-880204CE76FB}.Release|x86.Build.0 = Release|Win32
		{0A870A23-8792-4164-A3C4-59DEC5C0D7E0}.Debug|x64.ActiveCfg = Debug|x64
		{0A870A23-8792-4164-A3C4-59DEC5C0D7E0}.Debug|x64.Build.0 = Debug|x64
		{0A870A23-8792-4164-A3C4-59DEC5C0D7E0}.Debug|x86.ActiveCfg = Debug|Win32
		{0A870A23-8792-4164-A3C4-59DEC5C0D7E0}.Debug|x86.Build.0 = Debug|Win32
		{0A870A23-8792-4164-A3C4-59DEC5C0D7E0}.Release|x64.ActiveCfg = Release|x64
		{0A870A23-8792-4164-A3C4-59DEC5C0D7E0}.Release|x64.Build.0 = Release|x64
		{0A870A23-8792-4164-A3C4-59DEC5C0D7E0}.Release|x86.ActiveCfg = Release|Win32
		{0A870A23-8792-4164-A3C4-59DEC5C0D7E0}.Release|x86.Build.0 = Release|Win32
		{B9873F1A-D676-4AA1-978A-EE39C30A4C9F}.Debug|x64.ActiveCfg = Debug|x64
		{B9873F1A-D676-4AA1-978A-EE39C30A4C9F}.Debug|x64.Build.0 = Debug|x64
		{B9873F1A-D676-4AA1-978A-EE39C30A4C9F}.Debug|x86.ActiveCfg = Debug|Win32
		{B9873F1A-D676-4AA1-978A-EE39C30A4C9F}.Debug|x86.Build.0 = Debug|Win32
		{B9873F1A-D676-4AA1-978A-EE39C30A4C9F}.Release|x64.ActiveCfg = Release|x64
		{B9873F1A-D676-4AA1-978A-EE39C30A4C9F}.Release|x64.Build.0 = Release|x64
		{B9873F1A-D676-4AA1-978A-EE39C30A4C9F}.Release|x86.ActiveCfg = Release|Win32
		{B9873F1A-D676-4AA1-978A-EE39C30A4C9F}.Release|x86.Build.0 = Release|Win32
		{322C1B4E-680D-47A2-A471-2FB483A12160}.Debug|x64.ActiveCfg = Debug|x64
		{322C1B4E-680D-47A2-A471-2FB483A12160}.Debug|x64.Build.0 = Debug|x64
		{322C1B4E-680D-47A2-A471-2FB483A12160}.Debug|x86.ActiveCfg = Debug|Win32
		{322C1B4E-680D-47A2-A471-2FB483A12160}.Debug|x86.Build.0 = Debug|Win32
		{322C1B4E-680D-47A2-A471-2FB483A12160}.Release|x64.ActiveCfg = Release|x64
		{322C1B4E-680D-47A2-A471-2FB483A12160}.Release|x64.Build.0 = Release|x64
		{322C1B4E-680D-47A2-A471-2FB483A12160}.Release|x86.ActiveCfg = Release|Win32
		{322C1B4E-680D-47A2-A471-2FB483A12160}.Release|x86.Build.0 = Release|Win32
		{1912A241-76A2-4471-8D66-3BA070A9C034}.Debug|x64.ActiveCfg = Debug|x64
		{1912A241-76A2-4471-8D66-3BA070A9C034}.Debug|x64.Build.0 = Debug|x64
		{1912A241-76A2-4471-8D66-3BA070A9C034}.Debug|x86.ActiveCfg = Debug|Win32
		{1912A241-76A2-4471-8D66-3BA070A9C034}.Debug|x86.Build.0 = Debug|Win32
		{1912A241-76A2-4471-8D66-3BA070A9C034}.Release|x64.ActiveCfg = Release|x64
		{1912A241-76A2-4471-8D66-3BA070A9C034}.Release|x64.Build.0 = Release|x64
		{1912A241-76A2-4471-8D66-3BA070A9C034}.Release|x86.ActiveCfg = Release|Win32
		{1912A241-76A2-4471-8D66-3BA070A9C034}.Release|x86.Build.0 = Release|Win32
		{6D825BEC-55D9-4B63-BAE6-DCFC968C6169}.Debug|x64.ActiveCfg = Debug|x64
		{6D825BEC-55D9-4B63-BAE6-DCFC968C6169}.Debug|x64.Build.0 = Debug|x64
		{6D825BEC-55D9-4B63-BAE6-DCFC968C6169}.Debug|x86.ActiveCfg = Debug|Win32
		{6D825BEC-55D9-4B63-BAE6-DCFC968C6169}.Debug|x86.Build.0 = Debug|Win32
		{6D825BEC-55D9-4B63-BAE6-DCFC968C6169}.Release|x64.ActiveCfg = Release|x64
		{6D825BEC-55D9-4B63-BAE6-DCFC968C6169}.Release|x64.Build.0 = Release|x64
		{6D825BEC-55D9-4B63-BAE6-DCFC968C6169}.Release|x86.ActiveCfg = Release|Win32
		{6D825BEC-55D9-4B63-BAE6-DCFC968C6169}.Release|x86.Build.0 = Release|Win32
		{F4D3EAA6-FFD6-4EDA-B1EA-2093472E9562}.Debug|x64.ActiveCfg = Debug|x64
		{F4D3EAA6-FFD6-4EDA-B1EA-2093472E9562}.Debug|x64.Build.0 = Debug|x64
		{F4D3EAA6-FFD6-4EDA-B1EA-2093472E9562}.Debug|x86.ActiveCfg = Debug|Win32
		{F4D3EAA6-FFD6-4EDA-B1EA-2093472E9562}.Debug|x86.Build.0 = Debug|Win32
		{F4D3EAA6-FFD6-4EDA-B1EA-2093472E9562}.Release|x64.ActiveCfg = Release|x64
		{F4D3EAA6-FFD6-4EDA-B1EA-2093472E9562}.Release|x64.Build.0 = Release|x64
		{F4D3EAA6-FFD6-4EDA-B1EA-2093472E9562}.Release|x86.ActiveCfg = Release|Win32
		{F4D3EAA6-FFD6-4EDA-B1EA-2093472E9562}.Release|x86.Build.0 = Release|Win32
	EndGlobalSection
	GlobalSection(SolutionProperties) = preSolution
		HideSolutionNode = FALSE
	EndGlobalSection
	GlobalSection(ExtensibilityGlobals) = postSolution
		SolutionGuid = {A84BE690-FF06-4A81-9B21-F0A1FF89FA92}
	EndGlobalSection
EndGlobal
